
Microsoft Visual Studio Solution File, Format Version 12.00
# Visual Studio 15
VisualStudioVersion = 15.0.28307.106
MinimumVisualStudioVersion = 10.0.40219.1
Project("{FAE04EC0-301F-11D3-BF4B-00C04F79EFBC}") = "Vidly", "Vidly\Vidly.csproj", "{8592EC51-4A21-4107-90E9-D02FB25D1549}"
EndProject
Project("{FAE04EC0-301F-11D3-BF4B-00C04F79EFBC}") = "Vidly.Tests", "Vidly.Tests\Vidly.Tests.csproj", "{1A3B2B45-39E7-43EF-9CF5-AB32CB14A7FE}"
EndProject
Global
	GlobalSection(SolutionConfigurationPlatforms) = preSolution
		Debug|Any CPU = Debug|Any CPU
		Release|Any CPU = Release|Any CPU
	EndGlobalSection
	GlobalSection(ProjectConfigurationPlatforms) = postSolution
		{8592EC51-4A21-4107-90E9-D02FB25D1549}.Debug|Any CPU.ActiveCfg = Debug|Any CPU
		{8592EC51-4A21-4107-90E9-D02FB25D1549}.Debug|Any CPU.Build.0 = Debug|Any CPU
		{8592EC51-4A21-4107-90E9-D02FB25D1549}.Release|Any CPU.ActiveCfg = Release|Any CPU
		{8592EC51-4A21-4107-90E9-D02FB25D1549}.Release|Any CPU.Build.0 = Release|Any CPU
		{1A3B2B45-39E7-43EF-9CF5-AB32CB14A7FE}.Debug|Any CPU.ActiveCfg = Debug|Any CPU
		{1A3B2B45-39E7-43EF-9CF5-AB32CB14A7FE}.Debug|Any CPU.Build.0 = Debug|Any CPU
		{1A3B2B45-39E7-43EF-9CF5-AB32CB14A7FE}.Release|Any CPU.ActiveCfg = Release|Any CPU
		{1A3B2B45-39E7-43EF-9CF5-AB32CB14A7FE}.Release|Any CPU.Build.0 = Release|Any CPU
	EndGlobalSection
	GlobalSection(SolutionProperties) = preSolution
		HideSolutionNode = FALSE
	EndGlobalSection
	GlobalSection(ExtensibilityGlobals) = postSolution
		SolutionGuid = {B766E51A-A4E5-429A-8B1C-198EA4CD7735}
	EndGlobalSection
EndGlobal
